
Microsoft Visual Studio Solution File, Format Version 12.00
# Visual Studio 15
VisualStudioVersion = 15.0.27703.2000
MinimumVisualStudioVersion = 10.0.40219.1
Project("{FAE04EC0-301F-11D3-BF4B-00C04F79EFBC}") = "Niagapos", "Niagapos\Niagapos.csproj", "{70BDDBE8-2A28-48F4-B663-1213966F56ED}"
EndProject
Project("{9A19103F-16F7-4668-BE54-9A1E7A4F7556}") = "Niagapos.Core", "Niagapos.Core\Niagapos.Core.csproj", "{9EBC3822-5D17-4336-B1FF-AAB9923F4FBC}"
EndProject
Global
	GlobalSection(SolutionConfigurationPlatforms) = preSolution
		Debug|Any CPU = Debug|Any CPU
		Release|Any CPU = Release|Any CPU
	EndGlobalSection
	GlobalSection(ProjectConfigurationPlatforms) = postSolution
		{70BDDBE8-2A28-48F4-B663-1213966F56ED}.Debug|Any CPU.ActiveCfg = Debug|Any CPU
		{70BDDBE8-2A28-48F4-B663-1213966F56ED}.Debug|Any CPU.Build.0 = Debug|Any CPU
		{70BDDBE8-2A28-48F4-B663-1213966F56ED}.Release|Any CPU.ActiveCfg = Release|Any CPU
		{70BDDBE8-2A28-48F4-B663-1213966F56ED}.Release|Any CPU.Build.0 = Release|Any CPU
		{9EBC3822-5D17-4336-B1FF-AAB9923F4FBC}.Debug|Any CPU.ActiveCfg = Debug|Any CPU
		{9EBC3822-5D17-4336-B1FF-AAB9923F4FBC}.Debug|Any CPU.Build.0 = Debug|Any CPU
		{9EBC3822-5D17-4336-B1FF-AAB9923F4FBC}.Release|Any CPU.ActiveCfg = Release|Any CPU
		{9EBC3822-5D17-4336-B1FF-AAB9923F4FBC}.Release|Any CPU.Build.0 = Release|Any CPU
	EndGlobalSection
	GlobalSection(SolutionProperties) = preSolution
		HideSolutionNode = FALSE
	EndGlobalSection
	GlobalSection(ExtensibilityGlobals) = postSolution
		SolutionGuid = {77DDD632-E7FB-490C-8DAF-17A675FD454C}
	EndGlobalSection
EndGlobal
